
Microsoft Visual Studio Solution File, Format Version 12.00
# Visual Studio Version 17
VisualStudioVersion = 17.4.33213.308
MinimumVisualStudioVersion = 10.0.40219.1
Project("{9A19103F-16F7-4668-BE54-9A1E7A4F7556}") = "CustomerTestApi", "CustomerTestApi\CustomerTestApi.csproj", "{88B4E161-0151-49AF-AB2A-D3157A50BC72}"
EndProject
Project("{54A90642-561A-4BB1-A94E-469ADEE60C69}") = "customerweb", "customerweb\customerweb.esproj", "{465C5D23-B807-4435-912E-FB1838E182AA}"
EndProject
Global
	GlobalSection(SolutionConfigurationPlatforms) = preSolution
		Debug|Any CPU = Debug|Any CPU
		Release|Any CPU = Release|Any CPU
	EndGlobalSection
	GlobalSection(ProjectConfigurationPlatforms) = postSolution
		{88B4E161-0151-49AF-AB2A-D3157A50BC72}.Debug|Any CPU.ActiveCfg = Debug|Any CPU
		{88B4E161-0151-49AF-AB2A-D3157A50BC72}.Debug|Any CPU.Build.0 = Debug|Any CPU
		{88B4E161-0151-49AF-AB2A-D3157A50BC72}.Release|Any CPU.ActiveCfg = Release|Any CPU
		{88B4E161-0151-49AF-AB2A-D3157A50BC72}.Release|Any CPU.Build.0 = Release|Any CPU
		{465C5D23-B807-4435-912E-FB1838E182AA}.Debug|Any CPU.ActiveCfg = Debug|Any CPU
		{465C5D23-B807-4435-912E-FB1838E182AA}.Debug|Any CPU.Build.0 = Debug|Any CPU
		{465C5D23-B807-4435-912E-FB1838E182AA}.Debug|Any CPU.Deploy.0 = Debug|Any CPU
		{465C5D23-B807-4435-912E-FB1838E182AA}.Release|Any CPU.ActiveCfg = Release|Any CPU
		{465C5D23-B807-4435-912E-FB1838E182AA}.Release|Any CPU.Build.0 = Release|Any CPU
		{465C5D23-B807-4435-912E-FB1838E182AA}.Release|Any CPU.Deploy.0 = Release|Any CPU
	EndGlobalSection
	GlobalSection(SolutionProperties) = preSolution
		HideSolutionNode = FALSE
	EndGlobalSection
	GlobalSection(ExtensibilityGlobals) = postSolution
		SolutionGuid = {AF82CBBB-8E61-452D-808B-73152EAF0A64}
	EndGlobalSection
EndGlobal
