
Microsoft Visual Studio Solution File, Format Version 12.00
# Visual Studio Version 17
VisualStudioVersion = 17.4.33213.308
MinimumVisualStudioVersion = 10.0.40219.1
Project("{FAE04EC0-301F-11D3-BF4B-00C04F79EFBC}") = "CustomerTestApi", "CustomerTestApi\CustomerTestApi.csproj", "{88B4E161-0151-49AF-AB2A-D3157A50BC72}"
EndProject
Project("{FAE04EC0-301F-11D3-BF4B-00C04F79EFBC}") = "CustomerFunctionApp", "CustomerFunctionApp\CustomerFunctionApp.csproj", "{BBCECC47-D822-4F6F-AC87-5FEB078CA375}"
EndProject
Global
	GlobalSection(SolutionConfigurationPlatforms) = preSolution
		Debug|Any CPU = Debug|Any CPU
		Release|Any CPU = Release|Any CPU
	EndGlobalSection
	GlobalSection(ProjectConfigurationPlatforms) = postSolution
		{88B4E161-0151-49AF-AB2A-D3157A50BC72}.Debug|Any CPU.ActiveCfg = Debug|Any CPU
		{88B4E161-0151-49AF-AB2A-D3157A50BC72}.Debug|Any CPU.Build.0 = Debug|Any CPU
		{88B4E161-0151-49AF-AB2A-D3157A50BC72}.Release|Any CPU.ActiveCfg = Release|Any CPU
		{88B4E161-0151-49AF-AB2A-D3157A50BC72}.Release|Any CPU.Build.0 = Release|Any CPU
		{BBCECC47-D822-4F6F-AC87-5FEB078CA375}.Debug|Any CPU.ActiveCfg = Debug|Any CPU
		{BBCECC47-D822-4F6F-AC87-5FEB078CA375}.Debug|Any CPU.Build.0 = Debug|Any CPU
		{BBCECC47-D822-4F6F-AC87-5FEB078CA375}.Release|Any CPU.ActiveCfg = Release|Any CPU
		{BBCECC47-D822-4F6F-AC87-5FEB078CA375}.Release|Any CPU.Build.0 = Release|Any CPU
	EndGlobalSection
	GlobalSection(SolutionProperties) = preSolution
		HideSolutionNode = FALSE
	EndGlobalSection
	GlobalSection(ExtensibilityGlobals) = postSolution
		SolutionGuid = {AF82CBBB-8E61-452D-808B-73152EAF0A64}
	EndGlobalSection
EndGlobal
